
Microsoft Visual Studio Solution File, Format Version 12.00
# Visual Studio Version 16
VisualStudioVersion = 16.0.30717.126
MinimumVisualStudioVersion = 10.0.40219.1
Project("{FAE04EC0-301F-11D3-BF4B-00C04F79EFBC}") = "WebAPI", "WebAPI\WebAPI.csproj", "{1F921F1A-F43D-4BEF-998F-21C8E9212CA0}"
EndProject
Global
	GlobalSection(SolutionConfigurationPlatforms) = preSolution
		Debug|Any CPU = Debug|Any CPU
		Release|Any CPU = Release|Any CPU
	EndGlobalSection
	GlobalSection(ProjectConfigurationPlatforms) = postSolution
		{1F921F1A-F43D-4BEF-998F-21C8E9212CA0}.Debug|Any CPU.ActiveCfg = Debug|Any CPU
		{1F921F1A-F43D-4BEF-998F-21C8E9212CA0}.Debug|Any CPU.Build.0 = Debug|Any CPU
		{1F921F1A-F43D-4BEF-998F-21C8E9212CA0}.Release|Any CPU.ActiveCfg = Release|Any CPU
		{1F921F1A-F43D-4BEF-998F-21C8E9212CA0}.Release|Any CPU.Build.0 = Release|Any CPU
	EndGlobalSection
	GlobalSection(SolutionProperties) = preSolution
		HideSolutionNode = FALSE
	EndGlobalSection
	GlobalSection(ExtensibilityGlobals) = postSolution
		SolutionGuid = {2127DB61-71AE-45A8-B2AB-1F1A18353131}
	EndGlobalSection
EndGlobal
